
Microsoft Visual Studio Solution File, Format Version 12.00
# Visual Studio Version 17
VisualStudioVersion = 17.5.002.0
MinimumVisualStudioVersion = 10.0.40219.1
Project("{9A19103F-16F7-4668-BE54-9A1E7A4F7556}") = "NoCostEMICalculatorApp", "NoCostEMICalculatorApp.csproj", "{81818C69-6819-4BA5-A273-E2163A48705C}"
EndProject
Global
	GlobalSection(SolutionConfigurationPlatforms) = preSolution
		Debug|Any CPU = Debug|Any CPU
		Release|Any CPU = Release|Any CPU
	EndGlobalSection
	GlobalSection(ProjectConfigurationPlatforms) = postSolution
		{81818C69-6819-4BA5-A273-E2163A48705C}.Debug|Any CPU.ActiveCfg = Debug|Any CPU
		{81818C69-6819-4BA5-A273-E2163A48705C}.Debug|Any CPU.Build.0 = Debug|Any CPU
		{81818C69-6819-4BA5-A273-E2163A48705C}.Release|Any CPU.ActiveCfg = Release|Any CPU
		{81818C69-6819-4BA5-A273-E2163A48705C}.Release|Any CPU.Build.0 = Release|Any CPU
	EndGlobalSection
	GlobalSection(SolutionProperties) = preSolution
		HideSolutionNode = FALSE
	EndGlobalSection
	GlobalSection(ExtensibilityGlobals) = postSolution
		SolutionGuid = {E0F3787B-6B59-4F50-A19A-500F4811C67F}
	EndGlobalSection
EndGlobal
